
Microsoft Visual Studio Solution File, Format Version 12.00
# Visual Studio Version 17
VisualStudioVersion = 17.4.33213.308
MinimumVisualStudioVersion = 10.0.40219.1
Project("{FAE04EC0-301F-11D3-BF4B-00C04F79EFBC}") = "YourDoctor", "YourDoctor\YourDoctor.csproj", "{98CBF2BE-C83A-4C42-91E8-C6A96542CAD5}"
EndProject
Global
	GlobalSection(SolutionConfigurationPlatforms) = preSolution
		Debug|Any CPU = Debug|Any CPU
		Release|Any CPU = Release|Any CPU
	EndGlobalSection
	GlobalSection(ProjectConfigurationPlatforms) = postSolution
		{98CBF2BE-C83A-4C42-91E8-C6A96542CAD5}.Debug|Any CPU.ActiveCfg = Debug|Any CPU
		{98CBF2BE-C83A-4C42-91E8-C6A96542CAD5}.Debug|Any CPU.Build.0 = Debug|Any CPU
		{98CBF2BE-C83A-4C42-91E8-C6A96542CAD5}.Release|Any CPU.ActiveCfg = Release|Any CPU
		{98CBF2BE-C83A-4C42-91E8-C6A96542CAD5}.Release|Any CPU.Build.0 = Release|Any CPU
	EndGlobalSection
	GlobalSection(SolutionProperties) = preSolution
		HideSolutionNode = FALSE
	EndGlobalSection
	GlobalSection(ExtensibilityGlobals) = postSolution
		SolutionGuid = {A9E3B6C8-8055-48A5-9405-4D5D43E1256F}
	EndGlobalSection
EndGlobal
